
Microsoft Visual Studio Solution File, Format Version 12.00
# Visual Studio Version 16
VisualStudioVersion = 16.0.30523.141
MinimumVisualStudioVersion = 10.0.40219.1
Project("{FAE04EC0-301F-11D3-BF4B-00C04F79EFBC}") = "Web", "Web\Web.csproj", "{7B8FC53B-D7FC-4FF6-B9BF-8D4DCD49A8A7}"
EndProject
Project("{FAE04EC0-301F-11D3-BF4B-00C04F79EFBC}") = "Core", "Core\Core.csproj", "{9F9E801F-6999-44AF-80EC-C222926AF64E}"
EndProject
Project("{FAE04EC0-301F-11D3-BF4B-00C04F79EFBC}") = "Infrastructure", "Infrastructure\Infrastructure.csproj", "{2604323E-1686-4373-9306-DEBB91A10D9B}"
EndProject
Global
	GlobalSection(SolutionConfigurationPlatforms) = preSolution
		Debug|Any CPU = Debug|Any CPU
		Release|Any CPU = Release|Any CPU
	EndGlobalSection
	GlobalSection(ProjectConfigurationPlatforms) = postSolution
		{7B8FC53B-D7FC-4FF6-B9BF-8D4DCD49A8A7}.Debug|Any CPU.ActiveCfg = Debug|Any CPU
		{7B8FC53B-D7FC-4FF6-B9BF-8D4DCD49A8A7}.Debug|Any CPU.Build.0 = Debug|Any CPU
		{7B8FC53B-D7FC-4FF6-B9BF-8D4DCD49A8A7}.Release|Any CPU.ActiveCfg = Release|Any CPU
		{7B8FC53B-D7FC-4FF6-B9BF-8D4DCD49A8A7}.Release|Any CPU.Build.0 = Release|Any CPU
		{9F9E801F-6999-44AF-80EC-C222926AF64E}.Debug|Any CPU.ActiveCfg = Debug|Any CPU
		{9F9E801F-6999-44AF-80EC-C222926AF64E}.Debug|Any CPU.Build.0 = Debug|Any CPU
		{9F9E801F-6999-44AF-80EC-C222926AF64E}.Release|Any CPU.ActiveCfg = Release|Any CPU
		{9F9E801F-6999-44AF-80EC-C222926AF64E}.Release|Any CPU.Build.0 = Release|Any CPU
		{2604323E-1686-4373-9306-DEBB91A10D9B}.Debug|Any CPU.ActiveCfg = Debug|Any CPU
		{2604323E-1686-4373-9306-DEBB91A10D9B}.Debug|Any CPU.Build.0 = Debug|Any CPU
		{2604323E-1686-4373-9306-DEBB91A10D9B}.Release|Any CPU.ActiveCfg = Release|Any CPU
		{2604323E-1686-4373-9306-DEBB91A10D9B}.Release|Any CPU.Build.0 = Release|Any CPU
	EndGlobalSection
	GlobalSection(SolutionProperties) = preSolution
		HideSolutionNode = FALSE
	EndGlobalSection
	GlobalSection(ExtensibilityGlobals) = postSolution
		SolutionGuid = {D5B02594-6B3E-4340-B8D4-945137A2E353}
	EndGlobalSection
EndGlobal
